
Microsoft Visual Studio Solution File, Format Version 12.00
# Visual Studio Version 16
VisualStudioVersion = 16.0.30804.86
MinimumVisualStudioVersion = 10.0.40219.1
Project("{FAE04EC0-301F-11D3-BF4B-00C04F79EFBC}") = "LojaCet50B", "LojaCet50B\LojaCet50B.csproj", "{44C8AD72-4983-4FC4-A279-442AB1A67312}"
EndProject
Global
	GlobalSection(SolutionConfigurationPlatforms) = preSolution
		Debug|Any CPU = Debug|Any CPU
		Release|Any CPU = Release|Any CPU
	EndGlobalSection
	GlobalSection(ProjectConfigurationPlatforms) = postSolution
		{44C8AD72-4983-4FC4-A279-442AB1A67312}.Debug|Any CPU.ActiveCfg = Debug|Any CPU
		{44C8AD72-4983-4FC4-A279-442AB1A67312}.Debug|Any CPU.Build.0 = Debug|Any CPU
		{44C8AD72-4983-4FC4-A279-442AB1A67312}.Release|Any CPU.ActiveCfg = Release|Any CPU
		{44C8AD72-4983-4FC4-A279-442AB1A67312}.Release|Any CPU.Build.0 = Release|Any CPU
	EndGlobalSection
	GlobalSection(SolutionProperties) = preSolution
		HideSolutionNode = FALSE
	EndGlobalSection
	GlobalSection(ExtensibilityGlobals) = postSolution
		SolutionGuid = {115F9184-C199-4794-8E44-B85EE6582D0E}
	EndGlobalSection
EndGlobal
